{
    "_readme": [
        "This file locks the dependencies of your project to a known state",
        "Read more about it at https://getcomposer.org/doc/01-basic-usage.md#installing-dependencies",
        "This file is @generated automatically"
    ],
    "content-hash": "fa39e31ac95f6149ac34f75373fb5d20",
    "packages": [
        {
            "name": "livaco/easydiscordwebhook",
            "version": "1.0.2",
            "source": {
                "type": "git",
                "url": "https://github.com/LivacoNew/EasyDiscordWebhook.git",
                "reference": "8b350bc7c46ef460370498e8f36f69fe14bfcf89"
            },
            "dist": {
                "type": "zip",
                "url": "https://api.github.com/repos/LivacoNew/EasyDiscordWebhook/zipball/8b350bc7c46ef460370498e8f36f69fe14bfcf89",
                "reference": "8b350bc7c46ef460370498e8f36f69fe14bfcf89",
                "shasum": ""
            },
            "type": "library",
            "autoload": {
                "psr-4": {
                    "Livaco\\EasyDiscordWebhook\\": "src/"
                }
            },
            "notification-url": "https://packagist.org/downloads/",
            "license": [
                "Apache-2.0"
            ],
            "authors": [
                {
                    "name": "Livaco",
                    "homepage": "https://www.livaco.dev/",
                    "role": "Developer"
                }
            ],
            "description": "A simple library to send discord webhooks easily.",
            "homepage": "https://www.livaco.dev/",
            "keywords": [
                "discord",
                "php",
                "webhook"
            ],
            "support": {
                "issues": "https://github.com/LivacoNew/EasyDiscordWebhook/issues",
                "source": "https://github.com/LivacoNew/EasyDiscordWebhook/tree/master"
            },
            "time": "2019-12-24T23:45:04+00:00"
        }
    ],
    "packages-dev": [],
    "aliases": [],
    "minimum-stability": "stable",
    "stability-flags": [],
    "prefer-stable": false,
    "prefer-lowest": false,
    "platform": [],
    "platform-dev": [],
    "plugin-api-version": "2.0.0"
}
